
Microsoft Visual Studio Solution File, Format Version 12.00
# Visual Studio Version 16
VisualStudioVersion = 16.0.31729.503
MinimumVisualStudioVersion = 10.0.40219.1
Project("{FAE04EC0-301F-11D3-BF4B-00C04F79EFBC}") = "WpfApp2", "WpfApp2\WpfApp2.csproj", "{733F7F23-7C20-4547-836E-3CE2C950AC0B}"
EndProject
Global
	GlobalSection(SolutionConfigurationPlatforms) = preSolution
		Debug|Any CPU = Debug|Any CPU
		Release|Any CPU = Release|Any CPU
	EndGlobalSection
	GlobalSection(ProjectConfigurationPlatforms) = postSolution
		{733F7F23-7C20-4547-836E-3CE2C950AC0B}.Debug|Any CPU.ActiveCfg = Debug|Any CPU
		{733F7F23-7C20-4547-836E-3CE2C950AC0B}.Debug|Any CPU.Build.0 = Debug|Any CPU
		{733F7F23-7C20-4547-836E-3CE2C950AC0B}.Release|Any CPU.ActiveCfg = Release|Any CPU
		{733F7F23-7C20-4547-836E-3CE2C950AC0B}.Release|Any CPU.Build.0 = Release|Any CPU
	EndGlobalSection
	GlobalSection(SolutionProperties) = preSolution
		HideSolutionNode = FALSE
	EndGlobalSection
	GlobalSection(ExtensibilityGlobals) = postSolution
		SolutionGuid = {A28422B3-527F-46CC-9B43-B1B78186D80E}
	EndGlobalSection
EndGlobal
